
Microsoft Visual Studio Solution File, Format Version 12.00
# Visual Studio Version 17
VisualStudioVersion = 17.3.32901.215
MinimumVisualStudioVersion = 10.0.40219.1
Project("{9A19103F-16F7-4668-BE54-9A1E7A4F7556}") = "Recipe", "Recipe.csproj", "{D1C74F18-BA52-4491-A4E1-8245345BB1FA}"
EndProject
Project("{FAE04EC0-301F-11D3-BF4B-00C04F79EFBC}") = "RecipeBookProject.Test", "..\RecipeBookProject.Test\RecipeBookProject.Test.csproj", "{A6D9B871-FC86-40A2-B3CE-43BCEEFF7B22}"
EndProject
Global
	GlobalSection(SolutionConfigurationPlatforms) = preSolution
		Debug|Any CPU = Debug|Any CPU
		Release|Any CPU = Release|Any CPU
	EndGlobalSection
	GlobalSection(ProjectConfigurationPlatforms) = postSolution
		{D1C74F18-BA52-4491-A4E1-8245345BB1FA}.Debug|Any CPU.ActiveCfg = Debug|Any CPU
		{D1C74F18-BA52-4491-A4E1-8245345BB1FA}.Debug|Any CPU.Build.0 = Debug|Any CPU
		{D1C74F18-BA52-4491-A4E1-8245345BB1FA}.Release|Any CPU.ActiveCfg = Release|Any CPU
		{D1C74F18-BA52-4491-A4E1-8245345BB1FA}.Release|Any CPU.Build.0 = Release|Any CPU
		{A6D9B871-FC86-40A2-B3CE-43BCEEFF7B22}.Debug|Any CPU.ActiveCfg = Debug|Any CPU
		{A6D9B871-FC86-40A2-B3CE-43BCEEFF7B22}.Debug|Any CPU.Build.0 = Debug|Any CPU
		{A6D9B871-FC86-40A2-B3CE-43BCEEFF7B22}.Release|Any CPU.ActiveCfg = Release|Any CPU
		{A6D9B871-FC86-40A2-B3CE-43BCEEFF7B22}.Release|Any CPU.Build.0 = Release|Any CPU
	EndGlobalSection
	GlobalSection(SolutionProperties) = preSolution
		HideSolutionNode = FALSE
	EndGlobalSection
	GlobalSection(ExtensibilityGlobals) = postSolution
		SolutionGuid = {DE4D8F93-58D5-478D-903E-C4CA70D36DCE}
	EndGlobalSection
EndGlobal
